
Microsoft Visual Studio Solution File, Format Version 12.00
# Visual Studio Version 17
VisualStudioVersion = 17.0.31903.59
MinimumVisualStudioVersion = 10.0.40219.1
Project("{9A19103F-16F7-4668-BE54-9A1E7A4F7556}") = "AllsWellHealthMate", "AllsWellHealthMate\AllsWellHealthMate.csproj", "{DBFFFE8B-5EBE-4906-AF3B-CDBCCFF73F23}"
EndProject
Project("{54A90642-561A-4BB1-A94E-469ADEE60C69}") = "AllsWellHealthMateUI", "UI\AllsWellHealthMateUI\AllsWellHealthMateUI.esproj", "{FCC5B793-F5E2-4E28-9A56-57118E094104}"
EndProject
Global
	GlobalSection(SolutionConfigurationPlatforms) = preSolution
		Debug|Any CPU = Debug|Any CPU
		Release|Any CPU = Release|Any CPU
	EndGlobalSection
	GlobalSection(ProjectConfigurationPlatforms) = postSolution
		{DBFFFE8B-5EBE-4906-AF3B-CDBCCFF73F23}.Debug|Any CPU.ActiveCfg = Debug|Any CPU
		{DBFFFE8B-5EBE-4906-AF3B-CDBCCFF73F23}.Debug|Any CPU.Build.0 = Debug|Any CPU
		{DBFFFE8B-5EBE-4906-AF3B-CDBCCFF73F23}.Release|Any CPU.ActiveCfg = Release|Any CPU
		{DBFFFE8B-5EBE-4906-AF3B-CDBCCFF73F23}.Release|Any CPU.Build.0 = Release|Any CPU
		{FCC5B793-F5E2-4E28-9A56-57118E094104}.Debug|Any CPU.ActiveCfg = Debug|Any CPU
		{FCC5B793-F5E2-4E28-9A56-57118E094104}.Debug|Any CPU.Build.0 = Debug|Any CPU
		{FCC5B793-F5E2-4E28-9A56-57118E094104}.Debug|Any CPU.Deploy.0 = Debug|Any CPU
		{FCC5B793-F5E2-4E28-9A56-57118E094104}.Release|Any CPU.ActiveCfg = Release|Any CPU
		{FCC5B793-F5E2-4E28-9A56-57118E094104}.Release|Any CPU.Build.0 = Release|Any CPU
		{FCC5B793-F5E2-4E28-9A56-57118E094104}.Release|Any CPU.Deploy.0 = Release|Any CPU
	EndGlobalSection
	GlobalSection(SolutionProperties) = preSolution
		HideSolutionNode = FALSE
	EndGlobalSection
	GlobalSection(ExtensibilityGlobals) = postSolution
		SolutionGuid = {DFAA099A-E53D-4E26-8520-2D61946246C9}
	EndGlobalSection
EndGlobal
